{
  "name": "@weaverse/core",
  "version": "0.7.41",
  "lockfileVersion": 2,
  "requires": true,
  "packages": {
    "": {
      "name": "@weaverse/core",
      "version": "0.7.41",
      "license": "MIT",
      "dependencies": {
        "@stitches/core": "^1.2.8",
        "deepmerge": "^4.2.2"
      },
      "engines": {
        "node": ">=10"
      }
    },
    "node_modules/@stitches/core": {
      "version": "1.2.8",
      "resolved": "https://registry.npmjs.org/@stitches/core/-/core-1.2.8.tgz",
      "integrity": "sha512-Gfkvwk9o9kE9r9XNBmJRfV8zONvXThnm1tcuojL04Uy5uRyqg93DC83lDebl0rocZCfKSjUv+fWYtMQmEDJldg=="
    },
    "node_modules/deepmerge": {
      "version": "4.2.2",
      "resolved": "https://registry.npmjs.org/deepmerge/-/deepmerge-4.2.2.tgz",
      "integrity": "sha512-FJ3UgI4gIl+PHZm53knsuSFpE+nESMr7M4v9QcgB7S63Kj/6WqMiFQJpBBYz1Pt+66bZpP3Q7Lye0Oo9MPKEdg==",
      "engines": {
        "node": ">=0.10.0"
      }
    }
  },
  "dependencies": {
    "@stitches/core": {
      "version": "1.2.8",
      "resolved": "https://registry.npmjs.org/@stitches/core/-/core-1.2.8.tgz",
      "integrity": "sha512-Gfkvwk9o9kE9r9XNBmJRfV8zONvXThnm1tcuojL04Uy5uRyqg93DC83lDebl0rocZCfKSjUv+fWYtMQmEDJldg=="
    },
    "deepmerge": {
      "version": "4.2.2",
      "resolved": "https://registry.npmjs.org/deepmerge/-/deepmerge-4.2.2.tgz",
      "integrity": "sha512-FJ3UgI4gIl+PHZm53knsuSFpE+nESMr7M4v9QcgB7S63Kj/6WqMiFQJpBBYz1Pt+66bZpP3Q7Lye0Oo9MPKEdg=="
    }
  }
}
