{
  "name": "@weaverse/core",
  "version": "0.7.6",
  "lockfileVersion": 2,
  "requires": true,
  "packages": {
    "": {
      "name": "@weaverse/core",
      "version": "0.7.6",
      "license": "MIT",
      "dependencies": {
        "@stitches/core": "^1.2.8"
      },
      "engines": {
        "node": ">=10"
      }
    },
    "node_modules/@stitches/core": {
      "version": "1.2.8",
      "resolved": "https://registry.npmjs.org/@stitches/core/-/core-1.2.8.tgz",
      "integrity": "sha512-Gfkvwk9o9kE9r9XNBmJRfV8zONvXThnm1tcuojL04Uy5uRyqg93DC83lDebl0rocZCfKSjUv+fWYtMQmEDJldg=="
    }
  },
  "dependencies": {
    "@stitches/core": {
      "version": "1.2.8",
      "resolved": "https://registry.npmjs.org/@stitches/core/-/core-1.2.8.tgz",
      "integrity": "sha512-Gfkvwk9o9kE9r9XNBmJRfV8zONvXThnm1tcuojL04Uy5uRyqg93DC83lDebl0rocZCfKSjUv+fWYtMQmEDJldg=="
    }
  }
}
