{
  "name": "@weaverse/shopify",
  "version": "0.7.6",
  "lockfileVersion": 2,
  "requires": true,
  "packages": {
    "": {
      "name": "@weaverse/shopify",
      "version": "0.7.6",
      "license": "MIT",
      "dependencies": {
        "@weaverse/react": "0.7.6"
      },
      "engines": {
        "node": ">=10"
      },
      "peerDependencies": {
        "react": ">=16.8.0",
        "react-dom": ">=16.8.0"
      }
    },
    "node_modules/@stitches/core": {
      "version": "1.2.8",
      "resolved": "https://registry.npmjs.org/@stitches/core/-/core-1.2.8.tgz",
      "integrity": "sha512-Gfkvwk9o9kE9r9XNBmJRfV8zONvXThnm1tcuojL04Uy5uRyqg93DC83lDebl0rocZCfKSjUv+fWYtMQmEDJldg=="
    },
    "node_modules/@weaverse/core": {
      "version": "0.7.6",
      "resolved": "https://registry.npmjs.org/@weaverse/core/-/core-0.7.6.tgz",
      "integrity": "sha512-Fot1Rd4Cax3biEfRGLyuA5QynuVDSmlkzKKxUKIirN5i5DB+qJsE+okFwvl3RGtaPK5JST3/9HvUt5pII8ms2w==",
      "dependencies": {
        "@stitches/core": "^1.2.8"
      },
      "engines": {
        "node": ">=10"
      }
    },
    "node_modules/@weaverse/react": {
      "version": "0.7.6",
      "resolved": "https://registry.npmjs.org/@weaverse/react/-/react-0.7.6.tgz",
      "integrity": "sha512-9ebKZuyA5rk8ZaAjnL4cbjcO8h6J2MmSU34eRECLMcgQUovohEVxA6HibkPnQJam+QpUTV86zfc/7zwxFEQVpQ==",
      "dependencies": {
        "@weaverse/core": "0.7.6",
        "nuka-carousel": "^5.2.0"
      },
      "engines": {
        "node": ">=10"
      },
      "peerDependencies": {
        "react": ">=16.8.0",
        "react-dom": ">=16.8.0"
      }
    },
    "node_modules/js-tokens": {
      "version": "4.0.0",
      "resolved": "https://registry.npmjs.org/js-tokens/-/js-tokens-4.0.0.tgz",
      "integrity": "sha512-RdJUflcE3cUzKiMqQgsCu06FPu9UdIJO0beYbPhHN4k6apgJtifcoCtT9bcxOpYBtpD2kCM6Sbzg4CausW/PKQ==",
      "peer": true
    },
    "node_modules/loose-envify": {
      "version": "1.4.0",
      "resolved": "https://registry.npmjs.org/loose-envify/-/loose-envify-1.4.0.tgz",
      "integrity": "sha512-lyuxPGr/Wfhrlem2CL/UcnUc1zcqKAImBDzukY7Y5F/yQiNdko6+fRLevlw1HgMySw7f611UIY408EtxRSoK3Q==",
      "peer": true,
      "dependencies": {
        "js-tokens": "^3.0.0 || ^4.0.0"
      },
      "bin": {
        "loose-envify": "cli.js"
      }
    },
    "node_modules/nuka-carousel": {
      "version": "5.2.0",
      "resolved": "https://registry.npmjs.org/nuka-carousel/-/nuka-carousel-5.2.0.tgz",
      "integrity": "sha512-mBMS7eXxsb54L87jPTSMst5Ow53u6Ocf28SDY36+THH7RuZ7aJxo8CQAuO8Bov8MkSTGALV+8P7TcaOqnkPYLA==",
      "engines": {
        "node": ">=12.0.0"
      },
      "peerDependencies": {
        "react": "^15.3.0 || ^16.0.0 || ^17.0.1 || ^18.0.0",
        "react-dom": "^15.3.0 || ^16.0.0 || ^17.0.1 || ^18.0.0"
      }
    },
    "node_modules/react": {
      "version": "18.2.0",
      "resolved": "https://registry.npmjs.org/react/-/react-18.2.0.tgz",
      "integrity": "sha512-/3IjMdb2L9QbBdWiW5e3P2/npwMBaU9mHCSCUzNln0ZCYbcfTsGbTJrU/kGemdH2IWmB2ioZ+zkxtmq6g09fGQ==",
      "peer": true,
      "dependencies": {
        "loose-envify": "^1.1.0"
      },
      "engines": {
        "node": ">=0.10.0"
      }
    },
    "node_modules/react-dom": {
      "version": "18.2.0",
      "resolved": "https://registry.npmjs.org/react-dom/-/react-dom-18.2.0.tgz",
      "integrity": "sha512-6IMTriUmvsjHUjNtEDudZfuDQUoWXVxKHhlEGSk81n4YFS+r/Kl99wXiwlVXtPBtJenozv2P+hxDsw9eA7Xo6g==",
      "peer": true,
      "dependencies": {
        "loose-envify": "^1.1.0",
        "scheduler": "^0.23.0"
      },
      "peerDependencies": {
        "react": "^18.2.0"
      }
    },
    "node_modules/scheduler": {
      "version": "0.23.0",
      "resolved": "https://registry.npmjs.org/scheduler/-/scheduler-0.23.0.tgz",
      "integrity": "sha512-CtuThmgHNg7zIZWAXi3AsyIzA3n4xx7aNyjwC2VJldO2LMVDhFK+63xGqq6CsJH4rTAt6/M+N4GhZiDYPx9eUw==",
      "peer": true,
      "dependencies": {
        "loose-envify": "^1.1.0"
      }
    }
  },
  "dependencies": {
    "@stitches/core": {
      "version": "1.2.8",
      "resolved": "https://registry.npmjs.org/@stitches/core/-/core-1.2.8.tgz",
      "integrity": "sha512-Gfkvwk9o9kE9r9XNBmJRfV8zONvXThnm1tcuojL04Uy5uRyqg93DC83lDebl0rocZCfKSjUv+fWYtMQmEDJldg=="
    },
    "@weaverse/core": {
      "version": "0.7.6",
      "resolved": "https://registry.npmjs.org/@weaverse/core/-/core-0.7.6.tgz",
      "integrity": "sha512-Fot1Rd4Cax3biEfRGLyuA5QynuVDSmlkzKKxUKIirN5i5DB+qJsE+okFwvl3RGtaPK5JST3/9HvUt5pII8ms2w==",
      "requires": {
        "@stitches/core": "^1.2.8"
      }
    },
    "@weaverse/react": {
      "version": "0.7.6",
      "resolved": "https://registry.npmjs.org/@weaverse/react/-/react-0.7.6.tgz",
      "integrity": "sha512-9ebKZuyA5rk8ZaAjnL4cbjcO8h6J2MmSU34eRECLMcgQUovohEVxA6HibkPnQJam+QpUTV86zfc/7zwxFEQVpQ==",
      "requires": {
        "@weaverse/core": "0.7.6",
        "nuka-carousel": "^5.2.0"
      }
    },
    "js-tokens": {
      "version": "4.0.0",
      "resolved": "https://registry.npmjs.org/js-tokens/-/js-tokens-4.0.0.tgz",
      "integrity": "sha512-RdJUflcE3cUzKiMqQgsCu06FPu9UdIJO0beYbPhHN4k6apgJtifcoCtT9bcxOpYBtpD2kCM6Sbzg4CausW/PKQ==",
      "peer": true
    },
    "loose-envify": {
      "version": "1.4.0",
      "resolved": "https://registry.npmjs.org/loose-envify/-/loose-envify-1.4.0.tgz",
      "integrity": "sha512-lyuxPGr/Wfhrlem2CL/UcnUc1zcqKAImBDzukY7Y5F/yQiNdko6+fRLevlw1HgMySw7f611UIY408EtxRSoK3Q==",
      "peer": true,
      "requires": {
        "js-tokens": "^3.0.0 || ^4.0.0"
      }
    },
    "nuka-carousel": {
      "version": "5.2.0",
      "resolved": "https://registry.npmjs.org/nuka-carousel/-/nuka-carousel-5.2.0.tgz",
      "integrity": "sha512-mBMS7eXxsb54L87jPTSMst5Ow53u6Ocf28SDY36+THH7RuZ7aJxo8CQAuO8Bov8MkSTGALV+8P7TcaOqnkPYLA==",
      "requires": {}
    },
    "react": {
      "version": "18.2.0",
      "resolved": "https://registry.npmjs.org/react/-/react-18.2.0.tgz",
      "integrity": "sha512-/3IjMdb2L9QbBdWiW5e3P2/npwMBaU9mHCSCUzNln0ZCYbcfTsGbTJrU/kGemdH2IWmB2ioZ+zkxtmq6g09fGQ==",
      "peer": true,
      "requires": {
        "loose-envify": "^1.1.0"
      }
    },
    "react-dom": {
      "version": "18.2.0",
      "resolved": "https://registry.npmjs.org/react-dom/-/react-dom-18.2.0.tgz",
      "integrity": "sha512-6IMTriUmvsjHUjNtEDudZfuDQUoWXVxKHhlEGSk81n4YFS+r/Kl99wXiwlVXtPBtJenozv2P+hxDsw9eA7Xo6g==",
      "peer": true,
      "requires": {
        "loose-envify": "^1.1.0",
        "scheduler": "^0.23.0"
      }
    },
    "scheduler": {
      "version": "0.23.0",
      "resolved": "https://registry.npmjs.org/scheduler/-/scheduler-0.23.0.tgz",
      "integrity": "sha512-CtuThmgHNg7zIZWAXi3AsyIzA3n4xx7aNyjwC2VJldO2LMVDhFK+63xGqq6CsJH4rTAt6/M+N4GhZiDYPx9eUw==",
      "peer": true,
      "requires": {
        "loose-envify": "^1.1.0"
      }
    }
  }
}
